
Microsoft Visual Studio Solution File, Format Version 12.00
# Visual Studio 15
VisualStudioVersion = 15.0.26124.0
MinimumVisualStudioVersion = 15.0.26124.0
Project("{FAE04EC0-301F-11D3-BF4B-00C04F79EFBC}") = "CodelabService", "CodelabService\CodelabService.csproj", "{8097417C-74D9-4166-A70F-B183B96D161A}"
EndProject
Project("{FAE04EC0-301F-11D3-BF4B-00C04F79EFBC}") = "CodelabService.Tests", "CodelabService.Tests\CodelabService.Tests.csproj", "{73C54306-36F9-44A9-BEAD-3B0007940D7C}"
EndProject
Global
	GlobalSection(SolutionConfigurationPlatforms) = preSolution
		Debug|Any CPU = Debug|Any CPU
		Debug|x64 = Debug|x64
		Debug|x86 = Debug|x86
		Release|Any CPU = Release|Any CPU
		Release|x64 = Release|x64
		Release|x86 = Release|x86
	EndGlobalSection
	GlobalSection(SolutionProperties) = preSolution
		HideSolutionNode = FALSE
	EndGlobalSection
	GlobalSection(ProjectConfigurationPlatforms) = postSolution
		{8097417C-74D9-4166-A70F-B183B96D161A}.Debug|Any CPU.ActiveCfg = Debug|Any CPU
		{8097417C-74D9-4166-A70F-B183B96D161A}.Debug|Any CPU.Build.0 = Debug|Any CPU
		{8097417C-74D9-4166-A70F-B183B96D161A}.Debug|x64.ActiveCfg = Debug|Any CPU
		{8097417C-74D9-4166-A70F-B183B96D161A}.Debug|x64.Build.0 = Debug|Any CPU
		{8097417C-74D9-4166-A70F-B183B96D161A}.Debug|x86.ActiveCfg = Debug|Any CPU
		{8097417C-74D9-4166-A70F-B183B96D161A}.Debug|x86.Build.0 = Debug|Any CPU
		{8097417C-74D9-4166-A70F-B183B96D161A}.Release|Any CPU.ActiveCfg = Release|Any CPU
		{8097417C-74D9-4166-A70F-B183B96D161A}.Release|Any CPU.Build.0 = Release|Any CPU
		{8097417C-74D9-4166-A70F-B183B96D161A}.Release|x64.ActiveCfg = Release|Any CPU
		{8097417C-74D9-4166-A70F-B183B96D161A}.Release|x64.Build.0 = Release|Any CPU
		{8097417C-74D9-4166-A70F-B183B96D161A}.Release|x86.ActiveCfg = Release|Any CPU
		{8097417C-74D9-4166-A70F-B183B96D161A}.Release|x86.Build.0 = Release|Any CPU
		{73C54306-36F9-44A9-BEAD-3B0007940D7C}.Debug|Any CPU.ActiveCfg = Debug|Any CPU
		{73C54306-36F9-44A9-BEAD-3B0007940D7C}.Debug|Any CPU.Build.0 = Debug|Any CPU
		{73C54306-36F9-44A9-BEAD-3B0007940D7C}.Debug|x64.ActiveCfg = Debug|Any CPU
		{73C54306-36F9-44A9-BEAD-3B0007940D7C}.Debug|x64.Build.0 = Debug|Any CPU
		{73C54306-36F9-44A9-BEAD-3B0007940D7C}.Debug|x86.ActiveCfg = Debug|Any CPU
		{73C54306-36F9-44A9-BEAD-3B0007940D7C}.Debug|x86.Build.0 = Debug|Any CPU
		{73C54306-36F9-44A9-BEAD-3B0007940D7C}.Release|Any CPU.ActiveCfg = Release|Any CPU
		{73C54306-36F9-44A9-BEAD-3B0007940D7C}.Release|Any CPU.Build.0 = Release|Any CPU
		{73C54306-36F9-44A9-BEAD-3B0007940D7C}.Release|x64.ActiveCfg = Release|Any CPU
		{73C54306-36F9-44A9-BEAD-3B0007940D7C}.Release|x64.Build.0 = Release|Any CPU
		{73C54306-36F9-44A9-BEAD-3B0007940D7C}.Release|x86.ActiveCfg = Release|Any CPU
		{73C54306-36F9-44A9-BEAD-3B0007940D7C}.Release|x86.Build.0 = Release|Any CPU
	EndGlobalSection
EndGlobal
